
Microsoft Visual Studio Solution File, Format Version 12.00
# Visual Studio Version 16
VisualStudioVersion = 25.0.1703.0
MinimumVisualStudioVersion = 10.0.40219.1
Project("{FAE04EC0-301F-11D3-BF4B-00C04F79EFBC}") = "SquareAndCross", "SquareAndCross\SquareAndCross.csproj", "{EAD37B5D-A383-42D1-AD71-E27CCA29D535}"
EndProject
Project("{FAE04EC0-301F-11D3-BF4B-00C04F79EFBC}") = "SquareAndCross.Tests", "SquareAndCross.Tests\SquareAndCross.Tests.csproj", "{FB96DB8B-2005-4171-B674-AF23A12D8AB4}"
EndProject
Global
	GlobalSection(SolutionConfigurationPlatforms) = preSolution
		Debug|Any CPU = Debug|Any CPU
		Release|Any CPU = Release|Any CPU
	EndGlobalSection
	GlobalSection(ProjectConfigurationPlatforms) = postSolution
		{EAD37B5D-A383-42D1-AD71-E27CCA29D535}.Debug|Any CPU.ActiveCfg = Debug|Any CPU
		{EAD37B5D-A383-42D1-AD71-E27CCA29D535}.Debug|Any CPU.Build.0 = Debug|Any CPU
		{EAD37B5D-A383-42D1-AD71-E27CCA29D535}.Release|Any CPU.ActiveCfg = Release|Any CPU
		{EAD37B5D-A383-42D1-AD71-E27CCA29D535}.Release|Any CPU.Build.0 = Release|Any CPU
		{FB96DB8B-2005-4171-B674-AF23A12D8AB4}.Debug|Any CPU.ActiveCfg = Debug|Any CPU
		{FB96DB8B-2005-4171-B674-AF23A12D8AB4}.Debug|Any CPU.Build.0 = Debug|Any CPU
		{FB96DB8B-2005-4171-B674-AF23A12D8AB4}.Release|Any CPU.ActiveCfg = Release|Any CPU
		{FB96DB8B-2005-4171-B674-AF23A12D8AB4}.Release|Any CPU.Build.0 = Release|Any CPU
	EndGlobalSection
	GlobalSection(SolutionProperties) = preSolution
		HideSolutionNode = FALSE
	EndGlobalSection
	GlobalSection(ExtensibilityGlobals) = postSolution
		SolutionGuid = {64EFF4E3-4261-45D2-989D-7EDF94E5680C}
	EndGlobalSection
EndGlobal
